{
    "_readme": [
        "This file locks the dependencies of your project to a known state",
        "Read more about it at http://getcomposer.org/doc/01-basic-usage.md#composer-lock-the-lock-file"
    ],
    "hash": "aa1013c21ec2e0ee7c7bf944533475d7",
    "packages": [

    ],
    "packages-dev": [
        {
            "name": "erebot/buildenv",
            "version": "dev-master",
            "source": {
                "type": "git",
                "url": "https://github.com/Erebot/Erebot_Buildenv.git",
                "reference": "a85c273ec439fe3c9a5d6bef11c6ed669bf3fac8"
            },
            "dist": {
                "type": "zip",
                "url": "https://api.github.com/repos/Erebot/Erebot_Buildenv/zipball/a85c273ec439fe3c9a5d6bef11c6ed669bf3fac8",
                "reference": "a85c273ec439fe3c9a5d6bef11c6ed669bf3fac8",
                "shasum": ""
            },
            "require": {
                "ext-phar": "*",
                "ext-xsl": "*",
                "phing/phing": ">=2.4.3",
                "php": ">=5.2.2"
            },
            "type": "library",
            "extra": {
                "branch-alias": {
                    "dev-master": "1.1.x-dev"
                }
            },
            "notification-url": "https://packagist.org/downloads/",
            "license": [
                "GPL-3.0+"
            ],
            "authors": [
                {
                    "name": "François Poirotte",
                    "email": "clicky@erebot.net",
                    "role": "lead"
                }
            ],
            "description": "Build environment for the Erebot project",
            "homepage": "https://github.com/Erebot/Erebot_Buildenv",
            "keywords": [
                "Erebot"
            ],
            "time": "2014-01-03 16:22:17"
        },
        {
            "name": "phing/phing",
            "version": "dev-master",
            "source": {
                "type": "git",
                "url": "https://github.com/phingofficial/phing.git",
                "reference": "1113b781fd931a63ea87fe0f2ee6be33e126a011"
            },
            "dist": {
                "type": "zip",
                "url": "https://api.github.com/repos/phingofficial/phing/zipball/1113b781fd931a63ea87fe0f2ee6be33e126a011",
                "reference": "1113b781fd931a63ea87fe0f2ee6be33e126a011",
                "shasum": ""
            },
            "require": {
                "php": ">=5.2.0"
            },
            "bin": [
                "bin/phing"
            ],
            "type": "library",
            "autoload": {
                "classmap": [
                    "classes/phing/"
                ]
            },
            "notification-url": "https://packagist.org/downloads/",
            "include-path": [
                "classes"
            ],
            "license": [
                "LGPL3"
            ],
            "authors": [
                {
                    "name": "Michiel Rook",
                    "email": "mrook@php.net"
                },
                {
                    "name": "Phing Community",
                    "homepage": "http://www.phing.info/trac/wiki/Development/Contributors"
                }
            ],
            "description": "PHing Is Not GNU make; it's a PHP project build system or build tool based on Apache Ant.",
            "homepage": "http://www.phing.info/",
            "keywords": [
                "build",
                "task",
                "tool"
            ],
            "time": "2013-12-12 13:48:30"
        }
    ],
    "aliases": [

    ],
    "minimum-stability": "dev",
    "stability-flags": [

    ],
    "platform": {
        "php": ">=5.2.2"
    },
    "platform-dev": [

    ]
}
