{
    "_readme": [
        "This file locks the dependencies of your project to a known state",
        "Read more about it at http://getcomposer.org/doc/01-basic-usage.md#composer-lock-the-lock-file"
    ],
    "hash": "d319fdeadcbab5d46833a45cf794f953",
    "packages": [
        {
            "name": "erebot/callable-wrapper",
            "version": "dev-master",
            "source": {
                "type": "git",
                "url": "https://github.com/Erebot/CallableWrapper.git",
                "reference": "8aeb93e6e945e29139f33b88668eb89d7dd65f55"
            },
            "dist": {
                "type": "zip",
                "url": "https://api.github.com/repos/Erebot/CallableWrapper/zipball/8aeb93e6e945e29139f33b88668eb89d7dd65f55",
                "reference": "8aeb93e6e945e29139f33b88668eb89d7dd65f55",
                "shasum": ""
            },
            "require": {
                "ext-spl": "*",
                "php": ">=5.3.0"
            },
            "require-dev": {
                "phpunit/phpunit": "*",
                "squizlabs/php_codesniffer": "*"
            },
            "type": "library",
            "extra": {
                "branch-alias": {
                    "dev-master": "1.0.x-dev"
                }
            },
            "autoload": {
                "psr-4": {
                    "Erebot\\": "src/"
                }
            },
            "notification-url": "https://packagist.org/downloads/",
            "license": [
                "GPL-3.0+"
            ],
            "authors": [
                {
                    "name": "François Poirotte",
                    "email": "clicky@erebot.net",
                    "role": "lead"
                }
            ],
            "description": "Callable wrapper for PHP < 5.4.0",
            "homepage": "https://github.com/Erebot/CallableWrapper",
            "keywords": [
                "callable"
            ],
            "time": "2014-03-27 12:37:58"
        },
        {
            "name": "erebot/intl",
            "version": "dev-master",
            "source": {
                "type": "git",
                "url": "https://github.com/Erebot/Intl.git",
                "reference": "36f7eca0ec0ba58bed48ae1058e1a658b8086618"
            },
            "dist": {
                "type": "zip",
                "url": "https://api.github.com/repos/Erebot/Intl/zipball/36f7eca0ec0ba58bed48ae1058e1a658b8086618",
                "reference": "36f7eca0ec0ba58bed48ae1058e1a658b8086618",
                "shasum": ""
            },
            "require": {
                "ext-intl": "*",
                "ext-reflection": "*",
                "ext-spl": "*",
                "fpoirotte/file_gettext": "dev-master",
                "pear/pear_exception": "dev-master",
                "php": ">=5.3.0"
            },
            "require-dev": {
                "phpunit/phpunit": "*",
                "squizlabs/php_codesniffer": "*"
            },
            "type": "library",
            "extra": {
                "branch-alias": {
                    "dev-master": "1.0.x-dev"
                }
            },
            "autoload": {
                "psr-4": {
                    "Erebot\\": "src/"
                }
            },
            "notification-url": "https://packagist.org/downloads/",
            "license": [
                "GPL-3.0+"
            ],
            "authors": [
                {
                    "name": "François Poirotte",
                    "email": "clicky@erebot.net",
                    "role": "lead"
                }
            ],
            "description": "I18N API for Erebot",
            "homepage": "https://github.com/Erebot/Intl",
            "keywords": [
                "i18n",
                "intl",
                "l10n",
                "translations"
            ],
            "time": "2014-03-24 15:10:58"
        },
        {
            "name": "erebot/timer",
            "version": "dev-master",
            "source": {
                "type": "git",
                "url": "https://github.com/Erebot/Timer.git",
                "reference": "9834be144007cd0cb63139e17409a61eaf324282"
            },
            "dist": {
                "type": "zip",
                "url": "https://api.github.com/repos/Erebot/Timer/zipball/9834be144007cd0cb63139e17409a61eaf324282",
                "reference": "9834be144007cd0cb63139e17409a61eaf324282",
                "shasum": ""
            },
            "require": {
                "erebot/callable-wrapper": "1.0.*@dev",
                "ext-spl": "*",
                "php": ">=5.3.0"
            },
            "require-dev": {
                "phpunit/phpunit": "*",
                "squizlabs/php_codesniffer": "*"
            },
            "type": "library",
            "extra": {
                "branch-alias": {
                    "dev-master": "1.0.x-dev"
                }
            },
            "autoload": {
                "psr-4": {
                    "Erebot\\": "src/"
                }
            },
            "notification-url": "https://packagist.org/downloads/",
            "license": [
                "GPL-3.0+"
            ],
            "authors": [
                {
                    "name": "François Poirotte",
                    "email": "clicky@erebot.net",
                    "role": "lead"
                }
            ],
            "description": "Call a method/function after a certain amount of time has passed",
            "homepage": "https://github.com/Erebot/Timer",
            "keywords": [
                "timer"
            ],
            "time": "2014-03-27 20:15:15"
        },
        {
            "name": "erebot/uri",
            "version": "dev-master",
            "source": {
                "type": "git",
                "url": "https://github.com/Erebot/URI.git",
                "reference": "619036cbe34a04289733daab992ffaa5d12c5304"
            },
            "dist": {
                "type": "zip",
                "url": "https://api.github.com/repos/Erebot/URI/zipball/619036cbe34a04289733daab992ffaa5d12c5304",
                "reference": "619036cbe34a04289733daab992ffaa5d12c5304",
                "shasum": ""
            },
            "require": {
                "ext-pcre": "*",
                "ext-spl": "*",
                "php": ">=5.3.0"
            },
            "require-dev": {
                "phpunit/phpunit": "*",
                "squizlabs/php_codesniffer": "*"
            },
            "type": "library",
            "extra": {
                "branch-alias": {
                    "dev-master": "1.0.x-dev"
                }
            },
            "autoload": {
                "psr-4": {
                    "Erebot\\": "src/"
                }
            },
            "notification-url": "https://packagist.org/downloads/",
            "license": [
                "GPL-3.0+"
            ],
            "authors": [
                {
                    "name": "François Poirotte",
                    "email": "clicky@erebot.net",
                    "role": "lead"
                }
            ],
            "description": "URI parsing and generation",
            "homepage": "https://github.com/Erebot/URI",
            "keywords": [
                "uri"
            ],
            "time": "2014-03-24 18:00:32"
        },
        {
            "name": "fpoirotte/file_gettext",
            "version": "dev-master",
            "source": {
                "type": "git",
                "url": "https://github.com/fpoirotte/File_Gettext.git",
                "reference": "eb3a52768a971498d4ec6ad603f06175e799bf3b"
            },
            "dist": {
                "type": "zip",
                "url": "https://api.github.com/repos/fpoirotte/File_Gettext/zipball/eb3a52768a971498d4ec6ad603f06175e799bf3b",
                "reference": "eb3a52768a971498d4ec6ad603f06175e799bf3b",
                "shasum": ""
            },
            "require": {
                "ext-pcre": "*",
                "php": ">=5.0.0"
            },
            "provide": {
                "pear/file_gettext": "0.4.2-patch1"
            },
            "type": "library",
            "autoload": {
                "psr-0": {
                    "File_Gettext": ""
                }
            },
            "notification-url": "https://packagist.org/downloads/",
            "include-path": [
                ""
            ],
            "license": [
                "BSD"
            ],
            "authors": [
                {
                    "name": "Michael Wallner",
                    "email": "mike@php.net"
                }
            ],
            "description": "Reader and writer for GNU PO and MO files",
            "homepage": "https://github.com/fpoirotte/File_Gettext",
            "keywords": [
                "gettext"
            ],
            "time": "2013-10-20 17:11:12"
        },
        {
            "name": "pear/pear_exception",
            "version": "dev-master",
            "source": {
                "type": "git",
                "url": "https://github.com/pear/PEAR_Exception.git",
                "reference": "d5a3e9597040dcc56a4a2053a605e07214951202"
            },
            "dist": {
                "type": "zip",
                "url": "https://api.github.com/repos/pear/PEAR_Exception/zipball/d5a3e9597040dcc56a4a2053a605e07214951202",
                "reference": "d5a3e9597040dcc56a4a2053a605e07214951202",
                "shasum": ""
            },
            "require": {
                "php": ">=4.4.0"
            },
            "require-dev": {
                "phpunit/phpunit": "*"
            },
            "type": "class",
            "extra": {
                "branch-alias": {
                    "dev-master": "1.0.x-dev"
                }
            },
            "autoload": {
                "psr-0": {
                    "PEAR": ""
                }
            },
            "notification-url": "https://packagist.org/downloads/",
            "include-path": [
                "."
            ],
            "license": [
                "BSD-2-Clause"
            ],
            "authors": [
                {
                    "name": "Helgi Thormar",
                    "email": "dufuz@php.net"
                },
                {
                    "name": "Greg Beaver",
                    "email": "cellog@php.net",
                    "role": "lead"
                }
            ],
            "description": "The PEAR Exception base class.",
            "homepage": "https://github.com/pear/PEAR_Exception",
            "keywords": [
                "exception"
            ],
            "time": "2014-02-21 17:39:41"
        }
    ],
    "packages-dev": [
        {
            "name": "erebot/buildenv",
            "version": "1.1.1",
            "source": {
                "type": "git",
                "url": "https://github.com/Erebot/Erebot_Buildenv.git",
                "reference": "c89cc016f8d1c80779e095e6d93d1b1c6e75b24b"
            },
            "dist": {
                "type": "zip",
                "url": "https://api.github.com/repos/Erebot/Erebot_Buildenv/zipball/c89cc016f8d1c80779e095e6d93d1b1c6e75b24b",
                "reference": "c89cc016f8d1c80779e095e6d93d1b1c6e75b24b",
                "shasum": ""
            },
            "require": {
                "ext-phar": "*",
                "ext-xsl": "*",
                "phing/phing": ">=2.4.3",
                "php": ">=5.2.2"
            },
            "type": "library",
            "extra": {
                "branch-alias": {
                    "dev-master": "1.0.x-dev"
                }
            },
            "notification-url": "https://packagist.org/downloads/",
            "license": [
                "GPL-3.0+"
            ],
            "authors": [
                {
                    "name": "François Poirotte",
                    "email": "clicky@erebot.net",
                    "role": "lead"
                }
            ],
            "description": "Build environment for the Erebot project",
            "homepage": "https://github.com/Erebot/Erebot_Buildenv",
            "keywords": [
                "Erebot"
            ],
            "time": "2014-01-03 11:44:34"
        },
        {
            "name": "phing/phing",
            "version": "2.7.0",
            "source": {
                "type": "git",
                "url": "https://github.com/phingofficial/phing.git",
                "reference": "bd2689790c620ac745b3ad29765c641a0dd5d007"
            },
            "dist": {
                "type": "zip",
                "url": "https://api.github.com/repos/phingofficial/phing/zipball/bd2689790c620ac745b3ad29765c641a0dd5d007",
                "reference": "bd2689790c620ac745b3ad29765c641a0dd5d007",
                "shasum": ""
            },
            "require": {
                "php": ">=5.2.0"
            },
            "bin": [
                "bin/phing"
            ],
            "type": "library",
            "autoload": {
                "classmap": [
                    "classes/phing/"
                ]
            },
            "notification-url": "https://packagist.org/downloads/",
            "include-path": [
                "classes"
            ],
            "license": [
                "LGPL3"
            ],
            "authors": [
                {
                    "name": "Michiel Rook",
                    "email": "mrook@php.net"
                },
                {
                    "name": "Phing Community",
                    "homepage": "http://www.phing.info/trac/wiki/Development/Contributors"
                }
            ],
            "description": "PHing Is Not GNU make; it's a PHP project build system or build tool based on Apache Ant.",
            "homepage": "http://www.phing.info/",
            "keywords": [
                "build",
                "task",
                "tool"
            ],
            "time": "2014-02-13 13:17:59"
        }
    ],
    "aliases": [

    ],
    "minimum-stability": "dev",
    "stability-flags": [

    ],
    "platform": {
        "php": ">=5.3.0",
        "ext-spl": "*"
    },
    "platform-dev": [

    ]
}
